
Microsoft Visual Studio Solution File, Format Version 12.00
# Visual Studio Version 16
VisualStudioVersion = 16.0.31019.35
MinimumVisualStudioVersion = 10.0.40219.1
Project("{FAE04EC0-301F-11D3-BF4B-00C04F79EFBC}") = "WPFOOP2", "WPFOOP2\WPFOOP2.csproj", "{07F5E8F5-A322-43A8-84F1-3B6B290796EF}"
EndProject
Global
	GlobalSection(SolutionConfigurationPlatforms) = preSolution
		Debug|Any CPU = Debug|Any CPU
		Release|Any CPU = Release|Any CPU
	EndGlobalSection
	GlobalSection(ProjectConfigurationPlatforms) = postSolution
		{07F5E8F5-A322-43A8-84F1-3B6B290796EF}.Debug|Any CPU.ActiveCfg = Debug|Any CPU
		{07F5E8F5-A322-43A8-84F1-3B6B290796EF}.Debug|Any CPU.Build.0 = Debug|Any CPU
		{07F5E8F5-A322-43A8-84F1-3B6B290796EF}.Release|Any CPU.ActiveCfg = Release|Any CPU
		{07F5E8F5-A322-43A8-84F1-3B6B290796EF}.Release|Any CPU.Build.0 = Release|Any CPU
	EndGlobalSection
	GlobalSection(SolutionProperties) = preSolution
		HideSolutionNode = FALSE
	EndGlobalSection
	GlobalSection(ExtensibilityGlobals) = postSolution
		SolutionGuid = {99A540B4-8245-4945-A847-3E98C6992A21}
	EndGlobalSection
EndGlobal
